// !$*UTF8*$!
{
	archiveVersion = 1;
	classes = {
	};
	objectVersion = 56;
	objects = {

/* Begin PBXBuildFile section */
		8189DB652AF3DADF0007DA0F /* Utils.swift in Sources */ = {isa = PBXBuildFile; fileRef = 8189DB642AF3DADF0007DA0F /* Utils.swift */; };
		8189DB672AF3DD540007DA0F /* Restaurant.swift in Sources */ = {isa = PBXBuildFile; fileRef = 8189DB662AF3DD540007DA0F /* Restaurant.swift */; };
		8189DB692AF3DD620007DA0F /* Dish.swift in Sources */ = {isa = PBXBuildFile; fileRef = 8189DB682AF3DD620007DA0F /* Dish.swift */; };
		818D1AE62ACF1E530059EC0A /* MobileFoodUIApp.swift in Sources */ = {isa = PBXBuildFile; fileRef = 818D1AE52ACF1E530059EC0A /* MobileFoodUIApp.swift */; };
		818D1AE82ACF1E530059EC0A /* ContentView.swift in Sources */ = {isa = PBXBuildFile; fileRef = 818D1AE72ACF1E530059EC0A /* ContentView.swift */; };
		818D1AEA2ACF1E560059EC0A /* Assets.xcassets in Resources */ = {isa = PBXBuildFile; fileRef = 818D1AE92ACF1E560059EC0A /* Assets.xcassets */; };
		818D1AED2ACF1E560059EC0A /* Preview Assets.xcassets in Resources */ = {isa = PBXBuildFile; fileRef = 818D1AEC2ACF1E560059EC0A /* Preview Assets.xcassets */; };
		81DEE1572AE31FE000778CCD /* ProfileView.swift in Sources */ = {isa = PBXBuildFile; fileRef = 81DEE1562AE31FE000778CCD /* ProfileView.swift */; };
		81DEE1592AE31FF100778CCD /* CartView.swift in Sources */ = {isa = PBXBuildFile; fileRef = 81DEE1582AE31FF100778CCD /* CartView.swift */; };
		81DEE15B2AE3200500778CCD /* SettigsView.swift in Sources */ = {isa = PBXBuildFile; fileRef = 81DEE15A2AE3200500778CCD /* SettigsView.swift */; };
		81DEE15D2AE3217E00778CCD /* NavigationTabView.swift in Sources */ = {isa = PBXBuildFile; fileRef = 81DEE15C2AE3217E00778CCD /* NavigationTabView.swift */; };
		81E6EDBC2B58525900CFB572 /* Onboarding.swift in Sources */ = {isa = PBXBuildFile; fileRef = 81E6EDBB2B58525900CFB572 /* Onboarding.swift */; };
		81E6EDBE2B62EAFC00CFB572 /* ListSettings.swift in Sources */ = {isa = PBXBuildFile; fileRef = 81E6EDBD2B62EAFC00CFB572 /* ListSettings.swift */; };
/* End PBXBuildFile section */

/* Begin PBXFileReference section */
		8189DB642AF3DADF0007DA0F /* Utils.swift */ = {isa = PBXFileReference; lastKnownFileType = sourcecode.swift; path = Utils.swift; sourceTree = "<group>"; };
		8189DB662AF3DD540007DA0F /* Restaurant.swift */ = {isa = PBXFileReference; lastKnownFileType = sourcecode.swift; path = Restaurant.swift; sourceTree = "<group>"; };
		8189DB682AF3DD620007DA0F /* Dish.swift */ = {isa = PBXFileReference; lastKnownFileType = sourcecode.swift; path = Dish.swift; sourceTree = "<group>"; };
		818D1AE22ACF1E530059EC0A /* MobileFoodUI.app */ = {isa = PBXFileReference; explicitFileType = wrapper.application; includeInIndex = 0; path = MobileFoodUI.app; sourceTree = BUILT_PRODUCTS_DIR; };
		818D1AE52ACF1E530059EC0A /* MobileFoodUIApp.swift */ = {isa = PBXFileReference; lastKnownFileType = sourcecode.swift; path = MobileFoodUIApp.swift; sourceTree = "<group>"; };
		818D1AE72ACF1E530059EC0A /* ContentView.swift */ = {isa = PBXFileReference; lastKnownFileType = sourcecode.swift; path = ContentView.swift; sourceTree = "<group>"; };
		818D1AE92ACF1E560059EC0A /* Assets.xcassets */ = {isa = PBXFileReference; lastKnownFileType = folder.assetcatalog; path = Assets.xcassets; sourceTree = "<group>"; };
		818D1AEC2ACF1E560059EC0A /* Preview Assets.xcassets */ = {isa = PBXFileReference; lastKnownFileType = folder.assetcatalog; path = "Preview Assets.xcassets"; sourceTree = "<group>"; };
		81DEE1562AE31FE000778CCD /* ProfileView.swift */ = {isa = PBXFileReference; lastKnownFileType = sourcecode.swift; path = ProfileView.swift; sourceTree = "<group>"; };
		81DEE1582AE31FF100778CCD /* CartView.swift */ = {isa = PBXFileReference; lastKnownFileType = sourcecode.swift; path = CartView.swift; sourceTree = "<group>"; };
		81DEE15A2AE3200500778CCD /* SettigsView.swift */ = {isa = PBXFileReference; lastKnownFileType = sourcecode.swift; path = SettigsView.swift; sourceTree = "<group>"; };
		81DEE15C2AE3217E00778CCD /* NavigationTabView.swift */ = {isa = PBXFileReference; lastKnownFileType = sourcecode.swift; path = NavigationTabView.swift; sourceTree = "<group>"; };
		81E6EDBB2B58525900CFB572 /* Onboarding.swift */ = {isa = PBXFileReference; lastKnownFileType = sourcecode.swift; path = Onboarding.swift; sourceTree = "<group>"; };
		81E6EDBD2B62EAFC00CFB572 /* ListSettings.swift */ = {isa = PBXFileReference; lastKnownFileType = sourcecode.swift; path = ListSettings.swift; sourceTree = "<group>"; };
/* End PBXFileReference section */

/* Begin PBXFrameworksBuildPhase section */
		818D1ADF2ACF1E530059EC0A /* Frameworks */ = {
			isa = PBXFrameworksBuildPhase;
			buildActionMask = 2147483647;
			files = (
			);
			runOnlyForDeploymentPostprocessing = 0;
		};
/* End PBXFrameworksBuildPhase section */

/* Begin PBXGroup section */
		8189DB612AF3D7510007DA0F /* Resources */ = {
			isa = PBXGroup;
			children = (
				818D1AE92ACF1E560059EC0A /* Assets.xcassets */,
			);
			name = Resources;
			sourceTree = "<group>";
		};
		8189DB622AF3D75C0007DA0F /* Screens */ = {
			isa = PBXGroup;
			children = (
				81DEE1562AE31FE000778CCD /* ProfileView.swift */,
				81DEE15A2AE3200500778CCD /* SettigsView.swift */,
				818D1AE72ACF1E530059EC0A /* ContentView.swift */,
				81DEE1582AE31FF100778CCD /* CartView.swift */,
				81E6EDBB2B58525900CFB572 /* Onboarding.swift */,
			);
			name = Screens;
			sourceTree = "<group>";
		};
		8189DB632AF3D7650007DA0F /* Utils */ = {
			isa = PBXGroup;
			children = (
				8189DB642AF3DADF0007DA0F /* Utils.swift */,
				8189DB682AF3DD620007DA0F /* Dish.swift */,
				81E6EDBD2B62EAFC00CFB572 /* ListSettings.swift */,
				8189DB662AF3DD540007DA0F /* Restaurant.swift */,
			);
			path = Utils;
			sourceTree = "<group>";
		};
		818D1AD92ACF1E530059EC0A = {
			isa = PBXGroup;
			children = (
				818D1AE42ACF1E530059EC0A /* MobileFoodUI */,
				818D1AE32ACF1E530059EC0A /* Products */,
			);
			sourceTree = "<group>";
		};
		818D1AE32ACF1E530059EC0A /* Products */ = {
			isa = PBXGroup;
			children = (
				818D1AE22ACF1E530059EC0A /* MobileFoodUI.app */,
			);
			name = Products;
			sourceTree = "<group>";
		};
		818D1AE42ACF1E530059EC0A /* MobileFoodUI */ = {
			isa = PBXGroup;
			children = (
				8189DB632AF3D7650007DA0F /* Utils */,
				8189DB622AF3D75C0007DA0F /* Screens */,
				8189DB612AF3D7510007DA0F /* Resources */,
				818D1AE52ACF1E530059EC0A /* MobileFoodUIApp.swift */,
				81DEE15C2AE3217E00778CCD /* NavigationTabView.swift */,
				818D1AEB2ACF1E560059EC0A /* Preview Content */,
			);
			path = MobileFoodUI;
			sourceTree = "<group>";
		};
		818D1AEB2ACF1E560059EC0A /* Preview Content */ = {
			isa = PBXGroup;
			children = (
				818D1AEC2ACF1E560059EC0A /* Preview Assets.xcassets */,
			);
			path = "Preview Content";
			sourceTree = "<group>";
		};
/* End PBXGroup section */

/* Begin PBXNativeTarget section */
		818D1AE12ACF1E530059EC0A /* MobileFoodUI */ = {
			isa = PBXNativeTarget;
			buildConfigurationList = 818D1AF02ACF1E560059EC0A /* Build configuration list for PBXNativeTarget "MobileFoodUI" */;
			buildPhases = (
				818D1ADE2ACF1E530059EC0A /* Sources */,
				818D1ADF2ACF1E530059EC0A /* Frameworks */,
				818D1AE02ACF1E530059EC0A /* Resources */,
			);
			buildRules = (
			);
			dependencies = (
			);
			name = MobileFoodUI;
			productName = MobileFoodUI;
			productReference = 818D1AE22ACF1E530059EC0A /* MobileFoodUI.app */;
			productType = "com.apple.product-type.application";
		};
/* End PBXNativeTarget section */

/* Begin PBXProject section */
		818D1ADA2ACF1E530059EC0A /* Project object */ = {
			isa = PBXProject;
			attributes = {
				BuildIndependentTargetsInParallel = 1;
				LastSwiftUpdateCheck = 1420;
				LastUpgradeCheck = 1420;
				TargetAttributes = {
					818D1AE12ACF1E530059EC0A = {
						CreatedOnToolsVersion = 14.2;
					};
				};
			};
			buildConfigurationList = 818D1ADD2ACF1E530059EC0A /* Build configuration list for PBXProject "MobileFoodUI" */;
			compatibilityVersion = "Xcode 14.0";
			developmentRegion = en;
			hasScannedForEncodings = 0;
			knownRegions = (
				en,
				Base,
			);
			mainGroup = 818D1AD92ACF1E530059EC0A;
			productRefGroup = 818D1AE32ACF1E530059EC0A /* Products */;
			projectDirPath = "";
			projectRoot = "";
			targets = (
				818D1AE12ACF1E530059EC0A /* MobileFoodUI */,
			);
		};
/* End PBXProject section */

/* Begin PBXResourcesBuildPhase section */
		818D1AE02ACF1E530059EC0A /* Resources */ = {
			isa = PBXResourcesBuildPhase;
			buildActionMask = 2147483647;
			files = (
				818D1AED2ACF1E560059EC0A /* Preview Assets.xcassets in Resources */,
				818D1AEA2ACF1E560059EC0A /* Assets.xcassets in Resources */,
			);
			runOnlyForDeploymentPostprocessing = 0;
		};
/* End PBXResourcesBuildPhase section */

/* Begin PBXSourcesBuildPhase section */
		818D1ADE2ACF1E530059EC0A /* Sources */ = {
			isa = PBXSourcesBuildPhase;
			buildActionMask = 2147483647;
			files = (
				81DEE15D2AE3217E00778CCD /* NavigationTabView.swift in Sources */,
				81DEE1592AE31FF100778CCD /* CartView.swift in Sources */,
				81E6EDBC2B58525900CFB572 /* Onboarding.swift in Sources */,
				81DEE1572AE31FE000778CCD /* ProfileView.swift in Sources */,
				8189DB652AF3DADF0007DA0F /* Utils.swift in Sources */,
				81E6EDBE2B62EAFC00CFB572 /* ListSettings.swift in Sources */,
				8189DB672AF3DD540007DA0F /* Restaurant.swift in Sources */,
				818D1AE82ACF1E530059EC0A /* ContentView.swift in Sources */,
				8189DB692AF3DD620007DA0F /* Dish.swift in Sources */,
				81DEE15B2AE3200500778CCD /* SettigsView.swift in Sources */,
				818D1AE62ACF1E530059EC0A /* MobileFoodUIApp.swift in Sources */,
			);
			runOnlyForDeploymentPostprocessing = 0;
		};
/* End PBXSourcesBuildPhase section */

/* Begin XCBuildConfiguration section */
		818D1AEE2ACF1E560059EC0A /* Debug */ = {
			isa = XCBuildConfiguration;
			buildSettings = {
				ALWAYS_SEARCH_USER_PATHS = NO;
				CLANG_ANALYZER_NONNULL = YES;
				CLANG_ANALYZER_NUMBER_OBJECT_CONVERSION = YES_AGGRESSIVE;
				CLANG_CXX_LANGUAGE_STANDARD = "gnu++20";
				CLANG_ENABLE_MODULES = YES;
				CLANG_ENABLE_OBJC_ARC = YES;
				CLANG_ENABLE_OBJC_WEAK = YES;
				CLANG_WARN_BLOCK_CAPTURE_AUTORELEASING = YES;
				CLANG_WARN_BOOL_CONVERSION = YES;
				CLANG_WARN_COMMA = YES;
				CLANG_WARN_CONSTANT_CONVERSION = YES;
				CLANG_WARN_DEPRECATED_OBJC_IMPLEMENTATIONS = YES;
				CLANG_WARN_DIRECT_OBJC_ISA_USAGE = YES_ERROR;
				CLANG_WARN_DOCUMENTATION_COMMENTS = YES;
				CLANG_WARN_EMPTY_BODY = YES;
				CLANG_WARN_ENUM_CONVERSION = YES;
				CLANG_WARN_INFINITE_RECURSION = YES;
				CLANG_WARN_INT_CONVERSION = YES;
				CLANG_WARN_NON_LITERAL_NULL_CONVERSION = YES;
				CLANG_WARN_OBJC_IMPLICIT_RETAIN_SELF = YES;
				CLANG_WARN_OBJC_LITERAL_CONVERSION = YES;
				CLANG_WARN_OBJC_ROOT_CLASS = YES_ERROR;
				CLANG_WARN_QUOTED_INCLUDE_IN_FRAMEWORK_HEADER = YES;
				CLANG_WARN_RANGE_LOOP_ANALYSIS = YES;
				CLANG_WARN_STRICT_PROTOTYPES = YES;
				CLANG_WARN_SUSPICIOUS_MOVE = YES;
				CLANG_WARN_UNGUARDED_AVAILABILITY = YES_AGGRESSIVE;
				CLANG_WARN_UNREACHABLE_CODE = YES;
				CLANG_WARN__DUPLICATE_METHOD_MATCH = YES;
				COPY_PHASE_STRIP = NO;
				DEBUG_INFORMATION_FORMAT = dwarf;
				ENABLE_STRICT_OBJC_MSGSEND = YES;
				ENABLE_TESTABILITY = YES;
				GCC_C_LANGUAGE_STANDARD = gnu11;
				GCC_DYNAMIC_NO_PIC = NO;
				GCC_NO_COMMON_BLOCKS = YES;
				GCC_OPTIMIZATION_LEVEL = 0;
				GCC_PREPROCESSOR_DEFINITIONS = (
					"DEBUG=1",
					"$(inherited)",
				);
				GCC_WARN_64_TO_32_BIT_CONVERSION = YES;
				GCC_WARN_ABOUT_RETURN_TYPE = YES_ERROR;
				GCC_WARN_UNDECLARED_SELECTOR = YES;
				GCC_WARN_UNINITIALIZED_AUTOS = YES_AGGRESSIVE;
				GCC_WARN_UNUSED_FUNCTION = YES;
				GCC_WARN_UNUSED_VARIABLE = YES;
				IPHONEOS_DEPLOYMENT_TARGET = 16.2;
				MTL_ENABLE_DEBUG_INFO = INCLUDE_SOURCE;
				MTL_FAST_MATH = YES;
				ONLY_ACTIVE_ARCH = YES;
				SDKROOT = iphoneos;
				SWIFT_ACTIVE_COMPILATION_CONDITIONS = DEBUG;
				SWIFT_OPTIMIZATION_LEVEL = "-Onone";
			};
			name = Debug;
		};
		818D1AEF2ACF1E560059EC0A /* Release */ = {
			isa = XCBuildConfiguration;
			buildSettings = {
				ALWAYS_SEARCH_USER_PATHS = NO;
				CLANG_ANALYZER_NONNULL = YES;
				CLANG_ANALYZER_NUMBER_OBJECT_CONVERSION = YES_AGGRESSIVE;
				CLANG_CXX_LANGUAGE_STANDARD = "gnu++20";
				CLANG_ENABLE_MODULES = YES;
				CLANG_ENABLE_OBJC_ARC = YES;
				CLANG_ENABLE_OBJC_WEAK = YES;
				CLANG_WARN_BLOCK_CAPTURE_AUTORELEASING = YES;
				CLANG_WARN_BOOL_CONVERSION = YES;
				CLANG_WARN_COMMA = YES;
				CLANG_WARN_CONSTANT_CONVERSION = YES;
				CLANG_WARN_DEPRECATED_OBJC_IMPLEMENTATIONS = YES;
				CLANG_WARN_DIRECT_OBJC_ISA_USAGE = YES_ERROR;
				CLANG_WARN_DOCUMENTATION_COMMENTS = YES;
				CLANG_WARN_EMPTY_BODY = YES;
				CLANG_WARN_ENUM_CONVERSION = YES;
				CLANG_WARN_INFINITE_RECURSION = YES;
				CLANG_WARN_INT_CONVERSION = YES;
				CLANG_WARN_NON_LITERAL_NULL_CONVERSION = YES;
				CLANG_WARN_OBJC_IMPLICIT_RETAIN_SELF = YES;
				CLANG_WARN_OBJC_LITERAL_CONVERSION = YES;
				CLANG_WARN_OBJC_ROOT_CLASS = YES_ERROR;
				CLANG_WARN_QUOTED_INCLUDE_IN_FRAMEWORK_HEADER = YES;
				CLANG_WARN_RANGE_LOOP_ANALYSIS = YES;
				CLANG_WARN_STRICT_PROTOTYPES = YES;
				CLANG_WARN_SUSPICIOUS_MOVE = YES;
				CLANG_WARN_UNGUARDED_AVAILABILITY = YES_AGGRESSIVE;
				CLANG_WARN_UNREACHABLE_CODE = YES;
				CLANG_WARN__DUPLICATE_METHOD_MATCH = YES;
				COPY_PHASE_STRIP = NO;
				DEBUG_INFORMATION_FORMAT = "dwarf-with-dsym";
				ENABLE_NS_ASSERTIONS = NO;
				ENABLE_STRICT_OBJC_MSGSEND = YES;
				GCC_C_LANGUAGE_STANDARD = gnu11;
				GCC_NO_COMMON_BLOCKS = YES;
				GCC_WARN_64_TO_32_BIT_CONVERSION = YES;
				GCC_WARN_ABOUT_RETURN_TYPE = YES_ERROR;
				GCC_WARN_UNDECLARED_SELECTOR = YES;
				GCC_WARN_UNINITIALIZED_AUTOS = YES_AGGRESSIVE;
				GCC_WARN_UNUSED_FUNCTION = YES;
				GCC_WARN_UNUSED_VARIABLE = YES;
				IPHONEOS_DEPLOYMENT_TARGET = 16.2;
				MTL_ENABLE_DEBUG_INFO = NO;
				MTL_FAST_MATH = YES;
				SDKROOT = iphoneos;
				SWIFT_COMPILATION_MODE = wholemodule;
				SWIFT_OPTIMIZATION_LEVEL = "-O";
				VALIDATE_PRODUCT = YES;
			};
			name = Release;
		};
		818D1AF12ACF1E560059EC0A /* Debug */ = {
			isa = XCBuildConfiguration;
			buildSettings = {
				ASSETCATALOG_COMPILER_APPICON_NAME = AppIcon;
				ASSETCATALOG_COMPILER_GLOBAL_ACCENT_COLOR_NAME = AccentColor;
				CODE_SIGN_STYLE = Automatic;
				CURRENT_PROJECT_VERSION = 1;
				DEVELOPMENT_ASSET_PATHS = "\"MobileFoodUI/Preview Content\"";
				DEVELOPMENT_TEAM = 5AYQLGQSYV;
				ENABLE_PREVIEWS = YES;
				GENERATE_INFOPLIST_FILE = YES;
				INFOPLIST_KEY_UIApplicationSceneManifest_Generation = YES;
				INFOPLIST_KEY_UIApplicationSupportsIndirectInputEvents = YES;
				INFOPLIST_KEY_UILaunchScreen_Generation = YES;
				INFOPLIST_KEY_UISupportedInterfaceOrientations_iPad = "UIInterfaceOrientationPortrait UIInterfaceOrientationPortraitUpsideDown UIInterfaceOrientationLandscapeLeft UIInterfaceOrientationLandscapeRight";
				INFOPLIST_KEY_UISupportedInterfaceOrientations_iPhone = "UIInterfaceOrientationPortrait UIInterfaceOrientationLandscapeLeft UIInterfaceOrientationLandscapeRight";
				LD_RUNPATH_SEARCH_PATHS = (
					"$(inherited)",
					"@executable_path/Frameworks",
				);
				MARKETING_VERSION = 1.0;
				PRODUCT_BUNDLE_IDENTIFIER = com.challenge.MobileFoodUI;
				PRODUCT_NAME = "$(TARGET_NAME)";
				SWIFT_EMIT_LOC_STRINGS = YES;
				SWIFT_VERSION = 5.0;
				TARGETED_DEVICE_FAMILY = "1,2";
			};
			name = Debug;
		};
		818D1AF22ACF1E560059EC0A /* Release */ = {
			isa = XCBuildConfiguration;
			buildSettings = {
				ASSETCATALOG_COMPILER_APPICON_NAME = AppIcon;
				ASSETCATALOG_COMPILER_GLOBAL_ACCENT_COLOR_NAME = AccentColor;
				CODE_SIGN_STYLE = Automatic;
				CURRENT_PROJECT_VERSION = 1;
				DEVELOPMENT_ASSET_PATHS = "\"MobileFoodUI/Preview Content\"";
				DEVELOPMENT_TEAM = 5AYQLGQSYV;
				ENABLE_PREVIEWS = YES;
				GENERATE_INFOPLIST_FILE = YES;
				INFOPLIST_KEY_UIApplicationSceneManifest_Generation = YES;
				INFOPLIST_KEY_UIApplicationSupportsIndirectInputEvents = YES;
				INFOPLIST_KEY_UILaunchScreen_Generation = YES;
				INFOPLIST_KEY_UISupportedInterfaceOrientations_iPad = "UIInterfaceOrientationPortrait UIInterfaceOrientationPortraitUpsideDown UIInterfaceOrientationLandscapeLeft UIInterfaceOrientationLandscapeRight";
				INFOPLIST_KEY_UISupportedInterfaceOrientations_iPhone = "UIInterfaceOrientationPortrait UIInterfaceOrientationLandscapeLeft UIInterfaceOrientationLandscapeRight";
				LD_RUNPATH_SEARCH_PATHS = (
					"$(inherited)",
					"@executable_path/Frameworks",
				);
				MARKETING_VERSION = 1.0;
				PRODUCT_BUNDLE_IDENTIFIER = com.challenge.MobileFoodUI;
				PRODUCT_NAME = "$(TARGET_NAME)";
				SWIFT_EMIT_LOC_STRINGS = YES;
				SWIFT_VERSION = 5.0;
				TARGETED_DEVICE_FAMILY = "1,2";
			};
			name = Release;
		};
/* End XCBuildConfiguration section */

/* Begin XCConfigurationList section */
		818D1ADD2ACF1E530059EC0A /* Build configuration list for PBXProject "MobileFoodUI" */ = {
			isa = XCConfigurationList;
			buildConfigurations = (
				818D1AEE2ACF1E560059EC0A /* Debug */,
				818D1AEF2ACF1E560059EC0A /* Release */,
			);
			defaultConfigurationIsVisible = 0;
			defaultConfigurationName = Release;
		};
		818D1AF02ACF1E560059EC0A /* Build configuration list for PBXNativeTarget "MobileFoodUI" */ = {
			isa = XCConfigurationList;
			buildConfigurations = (
				818D1AF12ACF1E560059EC0A /* Debug */,
				818D1AF22ACF1E560059EC0A /* Release */,
			);
			defaultConfigurationIsVisible = 0;
			defaultConfigurationName = Release;
		};
/* End XCConfigurationList section */
	};
	rootObject = 818D1ADA2ACF1E530059EC0A /* Project object */;
}
